
Microsoft Visual Studio Solution File, Format Version 12.00
# Visual Studio Version 16
VisualStudioVersion = 16.0.30517.126
MinimumVisualStudioVersion = 10.0.40219.1
Project("{FAE04EC0-301F-11D3-BF4B-00C04F79EFBC}") = "ServiceA", "ServiceA\ServiceA.csproj", "{129D261A-EEC8-40A6-83DA-6F19007FA463}"
EndProject
Project("{FAE04EC0-301F-11D3-BF4B-00C04F79EFBC}") = "ServiceB", "ServiceB\ServiceB.csproj", "{EECE813A-0A16-4BD5-9F07-F48EA4EE708C}"
EndProject
Project("{FAE04EC0-301F-11D3-BF4B-00C04F79EFBC}") = "ServiceC", "ServiceC\ServiceC.csproj", "{3D3065CE-AF58-4C5C-8585-953D59DAE60D}"
EndProject
Global
	GlobalSection(SolutionConfigurationPlatforms) = preSolution
		Debug|Any CPU = Debug|Any CPU
		Release|Any CPU = Release|Any CPU
	EndGlobalSection
	GlobalSection(ProjectConfigurationPlatforms) = postSolution
		{129D261A-EEC8-40A6-83DA-6F19007FA463}.Debug|Any CPU.ActiveCfg = Debug|Any CPU
		{129D261A-EEC8-40A6-83DA-6F19007FA463}.Debug|Any CPU.Build.0 = Debug|Any CPU
		{129D261A-EEC8-40A6-83DA-6F19007FA463}.Release|Any CPU.ActiveCfg = Release|Any CPU
		{129D261A-EEC8-40A6-83DA-6F19007FA463}.Release|Any CPU.Build.0 = Release|Any CPU
		{EECE813A-0A16-4BD5-9F07-F48EA4EE708C}.Debug|Any CPU.ActiveCfg = Debug|Any CPU
		{EECE813A-0A16-4BD5-9F07-F48EA4EE708C}.Debug|Any CPU.Build.0 = Debug|Any CPU
		{EECE813A-0A16-4BD5-9F07-F48EA4EE708C}.Release|Any CPU.ActiveCfg = Release|Any CPU
		{EECE813A-0A16-4BD5-9F07-F48EA4EE708C}.Release|Any CPU.Build.0 = Release|Any CPU
		{3D3065CE-AF58-4C5C-8585-953D59DAE60D}.Debug|Any CPU.ActiveCfg = Debug|Any CPU
		{3D3065CE-AF58-4C5C-8585-953D59DAE60D}.Debug|Any CPU.Build.0 = Debug|Any CPU
		{3D3065CE-AF58-4C5C-8585-953D59DAE60D}.Release|Any CPU.ActiveCfg = Release|Any CPU
		{3D3065CE-AF58-4C5C-8585-953D59DAE60D}.Release|Any CPU.Build.0 = Release|Any CPU
	EndGlobalSection
	GlobalSection(SolutionProperties) = preSolution
		HideSolutionNode = FALSE
	EndGlobalSection
	GlobalSection(ExtensibilityGlobals) = postSolution
		SolutionGuid = {EE650836-4927-4131-8AA0-63D268E28A1C}
	EndGlobalSection
EndGlobal
